{
  "name": "barrett-decorator",
  "version": "1.2.2",
  "lockfileVersion": 1,
  "requires": true,
  "dependencies": {
    "@types/node": {
      "version": "12.7.1",
      "resolved": "https://registry.npm.taobao.org/@types/node/download/@types/node-12.7.1.tgz?cache=0&sync_timestamp=1565213600002&other_urls=https%3A%2F%2Fregistry.npm.taobao.org%2F%40types%2Fnode%2Fdownload%2F%40types%2Fnode-12.7.1.tgz",
      "integrity": "sha1-O1w6Jjk8GbQAhErEIr0PYxqU1p0=",
      "dev": true
    },
    "sa-sdk-javascript": {
      "version": "1.14.5",
      "resolved": "https://registry.npm.taobao.org/sa-sdk-javascript/download/sa-sdk-javascript-1.14.5.tgz",
      "integrity": "sha1-C3xKHYU+UPkEifG95Ee3ekzRJ04=",
      "dev": true
    },
    "sensors": {
      "version": "2.0.0",
      "resolved": "https://registry.npm.taobao.org/sensors/download/sensors-2.0.0.tgz",
      "integrity": "sha1-d+y8bUUSPvaLtnIUq28Y+LwNqYQ=",
      "dev": true
    },
    "typescript": {
      "version": "3.5.3",
      "resolved": "https://registry.npm.taobao.org/typescript/download/typescript-3.5.3.tgz",
      "integrity": "sha1-yDD2V/k/HqhGgZ6SkJL1/lmD6Xc=",
      "dev": true
    }
  }
}
